
Microsoft Visual Studio Solution File, Format Version 12.00
# Visual Studio Version 17
VisualStudioVersion = 17.14.36109.1 d17.14
MinimumVisualStudioVersion = 10.0.40219.1
Project("{FAE04EC0-301F-11D3-BF4B-00C04F79EFBC}") = "CUDATone", "CUDATone\CUDATone.csproj", "{ED3ACDBA-7334-4B89-A178-888CDC3573C7}"
EndProject
Global
	GlobalSection(SolutionConfigurationPlatforms) = preSolution
		Debug|Any CPU = Debug|Any CPU
		Release|Any CPU = Release|Any CPU
	EndGlobalSection
	GlobalSection(ProjectConfigurationPlatforms) = postSolution
		{ED3ACDBA-7334-4B89-A178-888CDC3573C7}.Debug|Any CPU.ActiveCfg = Debug|Any CPU
		{ED3ACDBA-7334-4B89-A178-888CDC3573C7}.Debug|Any CPU.Build.0 = Debug|Any CPU
		{ED3ACDBA-7334-4B89-A178-888CDC3573C7}.Release|Any CPU.ActiveCfg = Release|Any CPU
		{ED3ACDBA-7334-4B89-A178-888CDC3573C7}.Release|Any CPU.Build.0 = Release|Any CPU
	EndGlobalSection
	GlobalSection(SolutionProperties) = preSolution
		HideSolutionNode = FALSE
	EndGlobalSection
	GlobalSection(ExtensibilityGlobals) = postSolution
		SolutionGuid = {3385BB30-96EB-4EE6-AF99-650830A338A4}
	EndGlobalSection
EndGlobal
